// !$*UTF8*$!
{
	archiveVersion = 1;
	classes = {
	};
	objectVersion = 56;
	objects = {

/* Begin PBXBuildFile section */
		54CE15872B3020BC00FBB2E7 /* ContentLabelView.swift in Sources */ = {isa = PBXBuildFile; fileRef = 54CE15862B3020BC00FBB2E7 /* ContentLabelView.swift */; };
		54F98F092B2DB64A004AF3C9 /* ScrollIndicatorLabelApp.swift in Sources */ = {isa = PBXBuildFile; fileRef = 54F98F082B2DB64A004AF3C9 /* ScrollIndicatorLabelApp.swift */; };
		54F98F0B2B2DB64A004AF3C9 /* ContentView.swift in Sources */ = {isa = PBXBuildFile; fileRef = 54F98F0A2B2DB64A004AF3C9 /* ContentView.swift */; };
		54F98F0D2B2DB64B004AF3C9 /* Assets.xcassets in Resources */ = {isa = PBXBuildFile; fileRef = 54F98F0C2B2DB64B004AF3C9 /* Assets.xcassets */; };
		54F98F112B2DB64B004AF3C9 /* Preview Assets.xcassets in Resources */ = {isa = PBXBuildFile; fileRef = 54F98F102B2DB64B004AF3C9 /* Preview Assets.xcassets */; };
		54F98F1A2B2DB678004AF3C9 /* Character.swift in Sources */ = {isa = PBXBuildFile; fileRef = 54F98F192B2DB678004AF3C9 /* Character.swift */; };
		54F98F1C2B2DB708004AF3C9 /* RectangleLabelView.swift in Sources */ = {isa = PBXBuildFile; fileRef = 54F98F1B2B2DB708004AF3C9 /* RectangleLabelView.swift */; };
		54F98F1F2B2DC6B9004AF3C9 /* View.swift in Sources */ = {isa = PBXBuildFile; fileRef = 54F98F1E2B2DC6B9004AF3C9 /* View.swift */; };
		54F98F222B2DC6D3004AF3C9 /* OffsetKey.swift in Sources */ = {isa = PBXBuildFile; fileRef = 54F98F212B2DC6D3004AF3C9 /* OffsetKey.swift */; };
/* End PBXBuildFile section */

/* Begin PBXFileReference section */
		54CE15862B3020BC00FBB2E7 /* ContentLabelView.swift */ = {isa = PBXFileReference; lastKnownFileType = sourcecode.swift; path = ContentLabelView.swift; sourceTree = "<group>"; };
		54F98F052B2DB64A004AF3C9 /* ScrollIndicatorLabel.app */ = {isa = PBXFileReference; explicitFileType = wrapper.application; includeInIndex = 0; path = ScrollIndicatorLabel.app; sourceTree = BUILT_PRODUCTS_DIR; };
		54F98F082B2DB64A004AF3C9 /* ScrollIndicatorLabelApp.swift */ = {isa = PBXFileReference; lastKnownFileType = sourcecode.swift; path = ScrollIndicatorLabelApp.swift; sourceTree = "<group>"; };
		54F98F0A2B2DB64A004AF3C9 /* ContentView.swift */ = {isa = PBXFileReference; lastKnownFileType = sourcecode.swift; path = ContentView.swift; sourceTree = "<group>"; };
		54F98F0C2B2DB64B004AF3C9 /* Assets.xcassets */ = {isa = PBXFileReference; lastKnownFileType = folder.assetcatalog; path = Assets.xcassets; sourceTree = "<group>"; };
		54F98F0E2B2DB64B004AF3C9 /* ScrollIndicatorLabel.entitlements */ = {isa = PBXFileReference; lastKnownFileType = text.plist.entitlements; path = ScrollIndicatorLabel.entitlements; sourceTree = "<group>"; };
		54F98F102B2DB64B004AF3C9 /* Preview Assets.xcassets */ = {isa = PBXFileReference; lastKnownFileType = folder.assetcatalog; path = "Preview Assets.xcassets"; sourceTree = "<group>"; };
		54F98F192B2DB678004AF3C9 /* Character.swift */ = {isa = PBXFileReference; lastKnownFileType = sourcecode.swift; path = Character.swift; sourceTree = "<group>"; };
		54F98F1B2B2DB708004AF3C9 /* RectangleLabelView.swift */ = {isa = PBXFileReference; lastKnownFileType = sourcecode.swift; path = RectangleLabelView.swift; sourceTree = "<group>"; };
		54F98F1E2B2DC6B9004AF3C9 /* View.swift */ = {isa = PBXFileReference; lastKnownFileType = sourcecode.swift; path = View.swift; sourceTree = "<group>"; };
		54F98F212B2DC6D3004AF3C9 /* OffsetKey.swift */ = {isa = PBXFileReference; lastKnownFileType = sourcecode.swift; path = OffsetKey.swift; sourceTree = "<group>"; };
/* End PBXFileReference section */

/* Begin PBXFrameworksBuildPhase section */
		54F98F022B2DB64A004AF3C9 /* Frameworks */ = {
			isa = PBXFrameworksBuildPhase;
			buildActionMask = 2147483647;
			files = (
			);
			runOnlyForDeploymentPostprocessing = 0;
		};
/* End PBXFrameworksBuildPhase section */

/* Begin PBXGroup section */
		54F98EFC2B2DB64A004AF3C9 = {
			isa = PBXGroup;
			children = (
				54F98F072B2DB64A004AF3C9 /* ScrollIndicatorLabel */,
				54F98F062B2DB64A004AF3C9 /* Products */,
			);
			sourceTree = "<group>";
		};
		54F98F062B2DB64A004AF3C9 /* Products */ = {
			isa = PBXGroup;
			children = (
				54F98F052B2DB64A004AF3C9 /* ScrollIndicatorLabel.app */,
			);
			name = Products;
			sourceTree = "<group>";
		};
		54F98F072B2DB64A004AF3C9 /* ScrollIndicatorLabel */ = {
			isa = PBXGroup;
			children = (
				54F98F0C2B2DB64B004AF3C9 /* Assets.xcassets */,
				54F98F1D2B2DC6AF004AF3C9 /* Extension */,
				54F98F172B2DB661004AF3C9 /* Model */,
				54F98F202B2DC6CA004AF3C9 /* PreferenceKey */,
				54F98F0F2B2DB64B004AF3C9 /* Preview Content */,
				54F98F0E2B2DB64B004AF3C9 /* ScrollIndicatorLabel.entitlements */,
				54F98F082B2DB64A004AF3C9 /* ScrollIndicatorLabelApp.swift */,
				54F98F182B2DB666004AF3C9 /* View */,
			);
			path = ScrollIndicatorLabel;
			sourceTree = "<group>";
		};
		54F98F0F2B2DB64B004AF3C9 /* Preview Content */ = {
			isa = PBXGroup;
			children = (
				54F98F102B2DB64B004AF3C9 /* Preview Assets.xcassets */,
			);
			path = "Preview Content";
			sourceTree = "<group>";
		};
		54F98F172B2DB661004AF3C9 /* Model */ = {
			isa = PBXGroup;
			children = (
				54F98F192B2DB678004AF3C9 /* Character.swift */,
			);
			path = Model;
			sourceTree = "<group>";
		};
		54F98F182B2DB666004AF3C9 /* View */ = {
			isa = PBXGroup;
			children = (
				54CE15862B3020BC00FBB2E7 /* ContentLabelView.swift */,
				54F98F0A2B2DB64A004AF3C9 /* ContentView.swift */,
				54F98F1B2B2DB708004AF3C9 /* RectangleLabelView.swift */,
			);
			path = View;
			sourceTree = "<group>";
		};
		54F98F1D2B2DC6AF004AF3C9 /* Extension */ = {
			isa = PBXGroup;
			children = (
				54F98F1E2B2DC6B9004AF3C9 /* View.swift */,
			);
			path = Extension;
			sourceTree = "<group>";
		};
		54F98F202B2DC6CA004AF3C9 /* PreferenceKey */ = {
			isa = PBXGroup;
			children = (
				54F98F212B2DC6D3004AF3C9 /* OffsetKey.swift */,
			);
			path = PreferenceKey;
			sourceTree = "<group>";
		};
/* End PBXGroup section */

/* Begin PBXNativeTarget section */
		54F98F042B2DB64A004AF3C9 /* ScrollIndicatorLabel */ = {
			isa = PBXNativeTarget;
			buildConfigurationList = 54F98F142B2DB64B004AF3C9 /* Build configuration list for PBXNativeTarget "ScrollIndicatorLabel" */;
			buildPhases = (
				54F98F012B2DB64A004AF3C9 /* Sources */,
				54F98F022B2DB64A004AF3C9 /* Frameworks */,
				54F98F032B2DB64A004AF3C9 /* Resources */,
			);
			buildRules = (
			);
			dependencies = (
			);
			name = ScrollIndicatorLabel;
			productName = ScrollIndicatorLabel;
			productReference = 54F98F052B2DB64A004AF3C9 /* ScrollIndicatorLabel.app */;
			productType = "com.apple.product-type.application";
		};
/* End PBXNativeTarget section */

/* Begin PBXProject section */
		54F98EFD2B2DB64A004AF3C9 /* Project object */ = {
			isa = PBXProject;
			attributes = {
				BuildIndependentTargetsInParallel = 1;
				LastSwiftUpdateCheck = 1500;
				LastUpgradeCheck = 1500;
				TargetAttributes = {
					54F98F042B2DB64A004AF3C9 = {
						CreatedOnToolsVersion = 15.0;
					};
				};
			};
			buildConfigurationList = 54F98F002B2DB64A004AF3C9 /* Build configuration list for PBXProject "ScrollIndicatorLabel" */;
			compatibilityVersion = "Xcode 14.0";
			developmentRegion = en;
			hasScannedForEncodings = 0;
			knownRegions = (
				en,
				Base,
			);
			mainGroup = 54F98EFC2B2DB64A004AF3C9;
			productRefGroup = 54F98F062B2DB64A004AF3C9 /* Products */;
			projectDirPath = "";
			projectRoot = "";
			targets = (
				54F98F042B2DB64A004AF3C9 /* ScrollIndicatorLabel */,
			);
		};
/* End PBXProject section */

/* Begin PBXResourcesBuildPhase section */
		54F98F032B2DB64A004AF3C9 /* Resources */ = {
			isa = PBXResourcesBuildPhase;
			buildActionMask = 2147483647;
			files = (
				54F98F112B2DB64B004AF3C9 /* Preview Assets.xcassets in Resources */,
				54F98F0D2B2DB64B004AF3C9 /* Assets.xcassets in Resources */,
			);
			runOnlyForDeploymentPostprocessing = 0;
		};
/* End PBXResourcesBuildPhase section */

/* Begin PBXSourcesBuildPhase section */
		54F98F012B2DB64A004AF3C9 /* Sources */ = {
			isa = PBXSourcesBuildPhase;
			buildActionMask = 2147483647;
			files = (
				54F98F1A2B2DB678004AF3C9 /* Character.swift in Sources */,
				54F98F1C2B2DB708004AF3C9 /* RectangleLabelView.swift in Sources */,
				54F98F1F2B2DC6B9004AF3C9 /* View.swift in Sources */,
				54CE15872B3020BC00FBB2E7 /* ContentLabelView.swift in Sources */,
				54F98F0B2B2DB64A004AF3C9 /* ContentView.swift in Sources */,
				54F98F222B2DC6D3004AF3C9 /* OffsetKey.swift in Sources */,
				54F98F092B2DB64A004AF3C9 /* ScrollIndicatorLabelApp.swift in Sources */,
			);
			runOnlyForDeploymentPostprocessing = 0;
		};
/* End PBXSourcesBuildPhase section */

/* Begin XCBuildConfiguration section */
		54F98F122B2DB64B004AF3C9 /* Debug */ = {
			isa = XCBuildConfiguration;
			buildSettings = {
				ALWAYS_SEARCH_USER_PATHS = NO;
				ASSETCATALOG_COMPILER_GENERATE_SWIFT_ASSET_SYMBOL_EXTENSIONS = YES;
				CLANG_ANALYZER_NONNULL = YES;
				CLANG_ANALYZER_NUMBER_OBJECT_CONVERSION = YES_AGGRESSIVE;
				CLANG_CXX_LANGUAGE_STANDARD = "gnu++20";
				CLANG_ENABLE_MODULES = YES;
				CLANG_ENABLE_OBJC_ARC = YES;
				CLANG_ENABLE_OBJC_WEAK = YES;
				CLANG_WARN_BLOCK_CAPTURE_AUTORELEASING = YES;
				CLANG_WARN_BOOL_CONVERSION = YES;
				CLANG_WARN_COMMA = YES;
				CLANG_WARN_CONSTANT_CONVERSION = YES;
				CLANG_WARN_DEPRECATED_OBJC_IMPLEMENTATIONS = YES;
				CLANG_WARN_DIRECT_OBJC_ISA_USAGE = YES_ERROR;
				CLANG_WARN_DOCUMENTATION_COMMENTS = YES;
				CLANG_WARN_EMPTY_BODY = YES;
				CLANG_WARN_ENUM_CONVERSION = YES;
				CLANG_WARN_INFINITE_RECURSION = YES;
				CLANG_WARN_INT_CONVERSION = YES;
				CLANG_WARN_NON_LITERAL_NULL_CONVERSION = YES;
				CLANG_WARN_OBJC_IMPLICIT_RETAIN_SELF = YES;
				CLANG_WARN_OBJC_LITERAL_CONVERSION = YES;
				CLANG_WARN_OBJC_ROOT_CLASS = YES_ERROR;
				CLANG_WARN_QUOTED_INCLUDE_IN_FRAMEWORK_HEADER = YES;
				CLANG_WARN_RANGE_LOOP_ANALYSIS = YES;
				CLANG_WARN_STRICT_PROTOTYPES = YES;
				CLANG_WARN_SUSPICIOUS_MOVE = YES;
				CLANG_WARN_UNGUARDED_AVAILABILITY = YES_AGGRESSIVE;
				CLANG_WARN_UNREACHABLE_CODE = YES;
				CLANG_WARN__DUPLICATE_METHOD_MATCH = YES;
				COPY_PHASE_STRIP = NO;
				DEBUG_INFORMATION_FORMAT = dwarf;
				ENABLE_STRICT_OBJC_MSGSEND = YES;
				ENABLE_TESTABILITY = YES;
				ENABLE_USER_SCRIPT_SANDBOXING = YES;
				GCC_C_LANGUAGE_STANDARD = gnu17;
				GCC_DYNAMIC_NO_PIC = NO;
				GCC_NO_COMMON_BLOCKS = YES;
				GCC_OPTIMIZATION_LEVEL = 0;
				GCC_PREPROCESSOR_DEFINITIONS = (
					"DEBUG=1",
					"$(inherited)",
				);
				GCC_WARN_64_TO_32_BIT_CONVERSION = YES;
				GCC_WARN_ABOUT_RETURN_TYPE = YES_ERROR;
				GCC_WARN_UNDECLARED_SELECTOR = YES;
				GCC_WARN_UNINITIALIZED_AUTOS = YES_AGGRESSIVE;
				GCC_WARN_UNUSED_FUNCTION = YES;
				GCC_WARN_UNUSED_VARIABLE = YES;
				LOCALIZATION_PREFERS_STRING_CATALOGS = YES;
				MTL_ENABLE_DEBUG_INFO = INCLUDE_SOURCE;
				MTL_FAST_MATH = YES;
				ONLY_ACTIVE_ARCH = YES;
				SWIFT_ACTIVE_COMPILATION_CONDITIONS = "DEBUG $(inherited)";
				SWIFT_OPTIMIZATION_LEVEL = "-Onone";
			};
			name = Debug;
		};
		54F98F132B2DB64B004AF3C9 /* Release */ = {
			isa = XCBuildConfiguration;
			buildSettings = {
				ALWAYS_SEARCH_USER_PATHS = NO;
				ASSETCATALOG_COMPILER_GENERATE_SWIFT_ASSET_SYMBOL_EXTENSIONS = YES;
				CLANG_ANALYZER_NONNULL = YES;
				CLANG_ANALYZER_NUMBER_OBJECT_CONVERSION = YES_AGGRESSIVE;
				CLANG_CXX_LANGUAGE_STANDARD = "gnu++20";
				CLANG_ENABLE_MODULES = YES;
				CLANG_ENABLE_OBJC_ARC = YES;
				CLANG_ENABLE_OBJC_WEAK = YES;
				CLANG_WARN_BLOCK_CAPTURE_AUTORELEASING = YES;
				CLANG_WARN_BOOL_CONVERSION = YES;
				CLANG_WARN_COMMA = YES;
				CLANG_WARN_CONSTANT_CONVERSION = YES;
				CLANG_WARN_DEPRECATED_OBJC_IMPLEMENTATIONS = YES;
				CLANG_WARN_DIRECT_OBJC_ISA_USAGE = YES_ERROR;
				CLANG_WARN_DOCUMENTATION_COMMENTS = YES;
				CLANG_WARN_EMPTY_BODY = YES;
				CLANG_WARN_ENUM_CONVERSION = YES;
				CLANG_WARN_INFINITE_RECURSION = YES;
				CLANG_WARN_INT_CONVERSION = YES;
				CLANG_WARN_NON_LITERAL_NULL_CONVERSION = YES;
				CLANG_WARN_OBJC_IMPLICIT_RETAIN_SELF = YES;
				CLANG_WARN_OBJC_LITERAL_CONVERSION = YES;
				CLANG_WARN_OBJC_ROOT_CLASS = YES_ERROR;
				CLANG_WARN_QUOTED_INCLUDE_IN_FRAMEWORK_HEADER = YES;
				CLANG_WARN_RANGE_LOOP_ANALYSIS = YES;
				CLANG_WARN_STRICT_PROTOTYPES = YES;
				CLANG_WARN_SUSPICIOUS_MOVE = YES;
				CLANG_WARN_UNGUARDED_AVAILABILITY = YES_AGGRESSIVE;
				CLANG_WARN_UNREACHABLE_CODE = YES;
				CLANG_WARN__DUPLICATE_METHOD_MATCH = YES;
				COPY_PHASE_STRIP = NO;
				DEBUG_INFORMATION_FORMAT = "dwarf-with-dsym";
				ENABLE_NS_ASSERTIONS = NO;
				ENABLE_STRICT_OBJC_MSGSEND = YES;
				ENABLE_USER_SCRIPT_SANDBOXING = YES;
				GCC_C_LANGUAGE_STANDARD = gnu17;
				GCC_NO_COMMON_BLOCKS = YES;
				GCC_WARN_64_TO_32_BIT_CONVERSION = YES;
				GCC_WARN_ABOUT_RETURN_TYPE = YES_ERROR;
				GCC_WARN_UNDECLARED_SELECTOR = YES;
				GCC_WARN_UNINITIALIZED_AUTOS = YES_AGGRESSIVE;
				GCC_WARN_UNUSED_FUNCTION = YES;
				GCC_WARN_UNUSED_VARIABLE = YES;
				LOCALIZATION_PREFERS_STRING_CATALOGS = YES;
				MTL_ENABLE_DEBUG_INFO = NO;
				MTL_FAST_MATH = YES;
				SWIFT_COMPILATION_MODE = wholemodule;
			};
			name = Release;
		};
		54F98F152B2DB64B004AF3C9 /* Debug */ = {
			isa = XCBuildConfiguration;
			buildSettings = {
				ASSETCATALOG_COMPILER_APPICON_NAME = AppIcon;
				ASSETCATALOG_COMPILER_GLOBAL_ACCENT_COLOR_NAME = AccentColor;
				CODE_SIGN_ENTITLEMENTS = ScrollIndicatorLabel/ScrollIndicatorLabel.entitlements;
				CODE_SIGN_STYLE = Automatic;
				CURRENT_PROJECT_VERSION = 1;
				DEVELOPMENT_ASSET_PATHS = "\"ScrollIndicatorLabel/Preview Content\"";
				ENABLE_PREVIEWS = YES;
				GENERATE_INFOPLIST_FILE = YES;
				"INFOPLIST_KEY_UIApplicationSceneManifest_Generation[sdk=iphoneos*]" = YES;
				"INFOPLIST_KEY_UIApplicationSceneManifest_Generation[sdk=iphonesimulator*]" = YES;
				"INFOPLIST_KEY_UIApplicationSupportsIndirectInputEvents[sdk=iphoneos*]" = YES;
				"INFOPLIST_KEY_UIApplicationSupportsIndirectInputEvents[sdk=iphonesimulator*]" = YES;
				"INFOPLIST_KEY_UILaunchScreen_Generation[sdk=iphoneos*]" = YES;
				"INFOPLIST_KEY_UILaunchScreen_Generation[sdk=iphonesimulator*]" = YES;
				"INFOPLIST_KEY_UIStatusBarStyle[sdk=iphoneos*]" = UIStatusBarStyleDefault;
				"INFOPLIST_KEY_UIStatusBarStyle[sdk=iphonesimulator*]" = UIStatusBarStyleDefault;
				INFOPLIST_KEY_UISupportedInterfaceOrientations_iPad = "UIInterfaceOrientationPortrait UIInterfaceOrientationPortraitUpsideDown UIInterfaceOrientationLandscapeLeft UIInterfaceOrientationLandscapeRight";
				INFOPLIST_KEY_UISupportedInterfaceOrientations_iPhone = "UIInterfaceOrientationPortrait UIInterfaceOrientationLandscapeLeft UIInterfaceOrientationLandscapeRight";
				IPHONEOS_DEPLOYMENT_TARGET = 17.0;
				LD_RUNPATH_SEARCH_PATHS = "@executable_path/Frameworks";
				"LD_RUNPATH_SEARCH_PATHS[sdk=macosx*]" = "@executable_path/../Frameworks";
				MACOSX_DEPLOYMENT_TARGET = 14.0;
				MARKETING_VERSION = 1.0;
				PRODUCT_BUNDLE_IDENTIFIER = com.ScrollIndicatorLabel;
				PRODUCT_NAME = "$(TARGET_NAME)";
				SDKROOT = auto;
				SUPPORTED_PLATFORMS = "iphoneos iphonesimulator macosx";
				SWIFT_EMIT_LOC_STRINGS = YES;
				SWIFT_VERSION = 5.0;
				TARGETED_DEVICE_FAMILY = "1,2";
			};
			name = Debug;
		};
		54F98F162B2DB64B004AF3C9 /* Release */ = {
			isa = XCBuildConfiguration;
			buildSettings = {
				ASSETCATALOG_COMPILER_APPICON_NAME = AppIcon;
				ASSETCATALOG_COMPILER_GLOBAL_ACCENT_COLOR_NAME = AccentColor;
				CODE_SIGN_ENTITLEMENTS = ScrollIndicatorLabel/ScrollIndicatorLabel.entitlements;
				CODE_SIGN_STYLE = Automatic;
				CURRENT_PROJECT_VERSION = 1;
				DEVELOPMENT_ASSET_PATHS = "\"ScrollIndicatorLabel/Preview Content\"";
				ENABLE_PREVIEWS = YES;
				GENERATE_INFOPLIST_FILE = YES;
				"INFOPLIST_KEY_UIApplicationSceneManifest_Generation[sdk=iphoneos*]" = YES;
				"INFOPLIST_KEY_UIApplicationSceneManifest_Generation[sdk=iphonesimulator*]" = YES;
				"INFOPLIST_KEY_UIApplicationSupportsIndirectInputEvents[sdk=iphoneos*]" = YES;
				"INFOPLIST_KEY_UIApplicationSupportsIndirectInputEvents[sdk=iphonesimulator*]" = YES;
				"INFOPLIST_KEY_UILaunchScreen_Generation[sdk=iphoneos*]" = YES;
				"INFOPLIST_KEY_UILaunchScreen_Generation[sdk=iphonesimulator*]" = YES;
				"INFOPLIST_KEY_UIStatusBarStyle[sdk=iphoneos*]" = UIStatusBarStyleDefault;
				"INFOPLIST_KEY_UIStatusBarStyle[sdk=iphonesimulator*]" = UIStatusBarStyleDefault;
				INFOPLIST_KEY_UISupportedInterfaceOrientations_iPad = "UIInterfaceOrientationPortrait UIInterfaceOrientationPortraitUpsideDown UIInterfaceOrientationLandscapeLeft UIInterfaceOrientationLandscapeRight";
				INFOPLIST_KEY_UISupportedInterfaceOrientations_iPhone = "UIInterfaceOrientationPortrait UIInterfaceOrientationLandscapeLeft UIInterfaceOrientationLandscapeRight";
				IPHONEOS_DEPLOYMENT_TARGET = 17.0;
				LD_RUNPATH_SEARCH_PATHS = "@executable_path/Frameworks";
				"LD_RUNPATH_SEARCH_PATHS[sdk=macosx*]" = "@executable_path/../Frameworks";
				MACOSX_DEPLOYMENT_TARGET = 14.0;
				MARKETING_VERSION = 1.0;
				PRODUCT_BUNDLE_IDENTIFIER = com.ScrollIndicatorLabel;
				PRODUCT_NAME = "$(TARGET_NAME)";
				SDKROOT = auto;
				SUPPORTED_PLATFORMS = "iphoneos iphonesimulator macosx";
				SWIFT_EMIT_LOC_STRINGS = YES;
				SWIFT_VERSION = 5.0;
				TARGETED_DEVICE_FAMILY = "1,2";
			};
			name = Release;
		};
/* End XCBuildConfiguration section */

/* Begin XCConfigurationList section */
		54F98F002B2DB64A004AF3C9 /* Build configuration list for PBXProject "ScrollIndicatorLabel" */ = {
			isa = XCConfigurationList;
			buildConfigurations = (
				54F98F122B2DB64B004AF3C9 /* Debug */,
				54F98F132B2DB64B004AF3C9 /* Release */,
			);
			defaultConfigurationIsVisible = 0;
			defaultConfigurationName = Release;
		};
		54F98F142B2DB64B004AF3C9 /* Build configuration list for PBXNativeTarget "ScrollIndicatorLabel" */ = {
			isa = XCConfigurationList;
			buildConfigurations = (
				54F98F152B2DB64B004AF3C9 /* Debug */,
				54F98F162B2DB64B004AF3C9 /* Release */,
			);
			defaultConfigurationIsVisible = 0;
			defaultConfigurationName = Release;
		};
/* End XCConfigurationList section */
	};
	rootObject = 54F98EFD2B2DB64A004AF3C9 /* Project object */;
}
