// !$*UTF8*$!
{
	archiveVersion = 1;
	classes = {
	};
	objectVersion = 56;
	objects = {

/* Begin PBXBuildFile section */
		54D974102B72026600047E4E /* ToDoListApp.swift in Sources */ = {isa = PBXBuildFile; fileRef = 54D9740F2B72026600047E4E /* ToDoListApp.swift */; };
		54D974122B72026600047E4E /* ContentView.swift in Sources */ = {isa = PBXBuildFile; fileRef = 54D974112B72026600047E4E /* ContentView.swift */; };
		54D974142B72026900047E4E /* Assets.xcassets in Resources */ = {isa = PBXBuildFile; fileRef = 54D974132B72026900047E4E /* Assets.xcassets */; };
		54D974182B72026900047E4E /* Preview Assets.xcassets in Resources */ = {isa = PBXBuildFile; fileRef = 54D974172B72026900047E4E /* Preview Assets.xcassets */; };
		54D974212B72029F00047E4E /* ToDo.swift in Sources */ = {isa = PBXBuildFile; fileRef = 54D974202B72029F00047E4E /* ToDo.swift */; };
		54D974232B72042C00047E4E /* HomeView.swift in Sources */ = {isa = PBXBuildFile; fileRef = 54D974222B72042C00047E4E /* HomeView.swift */; };
		54D974252B7206A800047E4E /* CompleteView.swift in Sources */ = {isa = PBXBuildFile; fileRef = 54D974242B7206A800047E4E /* CompleteView.swift */; };
		54D974272B720B8800047E4E /* RowView.swift in Sources */ = {isa = PBXBuildFile; fileRef = 54D974262B720B8800047E4E /* RowView.swift */; };
		54D9742F2B721C5100047E4E /* WidgetKit.framework in Frameworks */ = {isa = PBXBuildFile; fileRef = 54D9742E2B721C5100047E4E /* WidgetKit.framework */; };
		54D974312B721C5100047E4E /* SwiftUI.framework in Frameworks */ = {isa = PBXBuildFile; fileRef = 54D974302B721C5100047E4E /* SwiftUI.framework */; };
		54D974342B721C5100047E4E /* ToDoWidgetBundle.swift in Sources */ = {isa = PBXBuildFile; fileRef = 54D974332B721C5100047E4E /* ToDoWidgetBundle.swift */; };
		54D974362B721C5100047E4E /* ToDoWidget.swift in Sources */ = {isa = PBXBuildFile; fileRef = 54D974352B721C5100047E4E /* ToDoWidget.swift */; };
		54D974382B721C5100047E4E /* AppIntent.swift in Sources */ = {isa = PBXBuildFile; fileRef = 54D974372B721C5100047E4E /* AppIntent.swift */; };
		54D9743A2B721C5200047E4E /* Assets.xcassets in Resources */ = {isa = PBXBuildFile; fileRef = 54D974392B721C5200047E4E /* Assets.xcassets */; };
		54D9743E2B721C5200047E4E /* ToDoWidgetExtension.appex in Embed Foundation Extensions */ = {isa = PBXBuildFile; fileRef = 54D9742C2B721C5100047E4E /* ToDoWidgetExtension.appex */; settings = {ATTRIBUTES = (RemoveHeadersOnCopy, ); }; };
		54D974432B721C7900047E4E /* ToDo.swift in Sources */ = {isa = PBXBuildFile; fileRef = 54D974202B72029F00047E4E /* ToDo.swift */; };
/* End PBXBuildFile section */

/* Begin PBXContainerItemProxy section */
		54D9743C2B721C5200047E4E /* PBXContainerItemProxy */ = {
			isa = PBXContainerItemProxy;
			containerPortal = 54D974042B72026600047E4E /* Project object */;
			proxyType = 1;
			remoteGlobalIDString = 54D9742B2B721C5100047E4E;
			remoteInfo = ToDoWidgetExtension;
		};
/* End PBXContainerItemProxy section */

/* Begin PBXCopyFilesBuildPhase section */
		54D974422B721C5200047E4E /* Embed Foundation Extensions */ = {
			isa = PBXCopyFilesBuildPhase;
			buildActionMask = 2147483647;
			dstPath = "";
			dstSubfolderSpec = 13;
			files = (
				54D9743E2B721C5200047E4E /* ToDoWidgetExtension.appex in Embed Foundation Extensions */,
			);
			name = "Embed Foundation Extensions";
			runOnlyForDeploymentPostprocessing = 0;
		};
/* End PBXCopyFilesBuildPhase section */

/* Begin PBXFileReference section */
		54D9740C2B72026600047E4E /* ToDoList.app */ = {isa = PBXFileReference; explicitFileType = wrapper.application; includeInIndex = 0; path = ToDoList.app; sourceTree = BUILT_PRODUCTS_DIR; };
		54D9740F2B72026600047E4E /* ToDoListApp.swift */ = {isa = PBXFileReference; lastKnownFileType = sourcecode.swift; path = ToDoListApp.swift; sourceTree = "<group>"; };
		54D974112B72026600047E4E /* ContentView.swift */ = {isa = PBXFileReference; lastKnownFileType = sourcecode.swift; path = ContentView.swift; sourceTree = "<group>"; };
		54D974132B72026900047E4E /* Assets.xcassets */ = {isa = PBXFileReference; lastKnownFileType = folder.assetcatalog; path = Assets.xcassets; sourceTree = "<group>"; };
		54D974152B72026900047E4E /* ToDoList.entitlements */ = {isa = PBXFileReference; lastKnownFileType = text.plist.entitlements; path = ToDoList.entitlements; sourceTree = "<group>"; };
		54D974172B72026900047E4E /* Preview Assets.xcassets */ = {isa = PBXFileReference; lastKnownFileType = folder.assetcatalog; path = "Preview Assets.xcassets"; sourceTree = "<group>"; };
		54D974202B72029F00047E4E /* ToDo.swift */ = {isa = PBXFileReference; lastKnownFileType = sourcecode.swift; path = ToDo.swift; sourceTree = "<group>"; };
		54D974222B72042C00047E4E /* HomeView.swift */ = {isa = PBXFileReference; lastKnownFileType = sourcecode.swift; path = HomeView.swift; sourceTree = "<group>"; };
		54D974242B7206A800047E4E /* CompleteView.swift */ = {isa = PBXFileReference; lastKnownFileType = sourcecode.swift; path = CompleteView.swift; sourceTree = "<group>"; };
		54D974262B720B8800047E4E /* RowView.swift */ = {isa = PBXFileReference; lastKnownFileType = sourcecode.swift; path = RowView.swift; sourceTree = "<group>"; };
		54D9742C2B721C5100047E4E /* ToDoWidgetExtension.appex */ = {isa = PBXFileReference; explicitFileType = "wrapper.app-extension"; includeInIndex = 0; path = ToDoWidgetExtension.appex; sourceTree = BUILT_PRODUCTS_DIR; };
		54D9742E2B721C5100047E4E /* WidgetKit.framework */ = {isa = PBXFileReference; lastKnownFileType = wrapper.framework; name = WidgetKit.framework; path = System/Library/Frameworks/WidgetKit.framework; sourceTree = SDKROOT; };
		54D974302B721C5100047E4E /* SwiftUI.framework */ = {isa = PBXFileReference; lastKnownFileType = wrapper.framework; name = SwiftUI.framework; path = System/Library/Frameworks/SwiftUI.framework; sourceTree = SDKROOT; };
		54D974332B721C5100047E4E /* ToDoWidgetBundle.swift */ = {isa = PBXFileReference; lastKnownFileType = sourcecode.swift; path = ToDoWidgetBundle.swift; sourceTree = "<group>"; };
		54D974352B721C5100047E4E /* ToDoWidget.swift */ = {isa = PBXFileReference; lastKnownFileType = sourcecode.swift; path = ToDoWidget.swift; sourceTree = "<group>"; };
		54D974372B721C5100047E4E /* AppIntent.swift */ = {isa = PBXFileReference; lastKnownFileType = sourcecode.swift; path = AppIntent.swift; sourceTree = "<group>"; };
		54D974392B721C5200047E4E /* Assets.xcassets */ = {isa = PBXFileReference; lastKnownFileType = folder.assetcatalog; path = Assets.xcassets; sourceTree = "<group>"; };
		54D9743B2B721C5200047E4E /* Info.plist */ = {isa = PBXFileReference; lastKnownFileType = text.plist.xml; path = Info.plist; sourceTree = "<group>"; };
		54D974442B72237000047E4E /* ToDoWidgetExtension.entitlements */ = {isa = PBXFileReference; lastKnownFileType = text.plist.entitlements; path = ToDoWidgetExtension.entitlements; sourceTree = "<group>"; };
/* End PBXFileReference section */

/* Begin PBXFrameworksBuildPhase section */
		54D974092B72026600047E4E /* Frameworks */ = {
			isa = PBXFrameworksBuildPhase;
			buildActionMask = 2147483647;
			files = (
			);
			runOnlyForDeploymentPostprocessing = 0;
		};
		54D974292B721C5100047E4E /* Frameworks */ = {
			isa = PBXFrameworksBuildPhase;
			buildActionMask = 2147483647;
			files = (
				54D974312B721C5100047E4E /* SwiftUI.framework in Frameworks */,
				54D9742F2B721C5100047E4E /* WidgetKit.framework in Frameworks */,
			);
			runOnlyForDeploymentPostprocessing = 0;
		};
/* End PBXFrameworksBuildPhase section */

/* Begin PBXGroup section */
		54D974032B72026600047E4E = {
			isa = PBXGroup;
			children = (
				54D974442B72237000047E4E /* ToDoWidgetExtension.entitlements */,
				54D9740E2B72026600047E4E /* ToDoList */,
				54D974322B721C5100047E4E /* ToDoWidget */,
				54D9742D2B721C5100047E4E /* Frameworks */,
				54D9740D2B72026600047E4E /* Products */,
			);
			sourceTree = "<group>";
		};
		54D9740D2B72026600047E4E /* Products */ = {
			isa = PBXGroup;
			children = (
				54D9740C2B72026600047E4E /* ToDoList.app */,
				54D9742C2B721C5100047E4E /* ToDoWidgetExtension.appex */,
			);
			name = Products;
			sourceTree = "<group>";
		};
		54D9740E2B72026600047E4E /* ToDoList */ = {
			isa = PBXGroup;
			children = (
				54D974132B72026900047E4E /* Assets.xcassets */,
				54D9741E2B72027B00047E4E /* Model */,
				54D974162B72026900047E4E /* Preview Content */,
				54D974152B72026900047E4E /* ToDoList.entitlements */,
				54D9740F2B72026600047E4E /* ToDoListApp.swift */,
				54D9741F2B72028000047E4E /* View */,
			);
			path = ToDoList;
			sourceTree = "<group>";
		};
		54D974162B72026900047E4E /* Preview Content */ = {
			isa = PBXGroup;
			children = (
				54D974172B72026900047E4E /* Preview Assets.xcassets */,
			);
			path = "Preview Content";
			sourceTree = "<group>";
		};
		54D9741E2B72027B00047E4E /* Model */ = {
			isa = PBXGroup;
			children = (
				54D974202B72029F00047E4E /* ToDo.swift */,
			);
			path = Model;
			sourceTree = "<group>";
		};
		54D9741F2B72028000047E4E /* View */ = {
			isa = PBXGroup;
			children = (
				54D974242B7206A800047E4E /* CompleteView.swift */,
				54D974112B72026600047E4E /* ContentView.swift */,
				54D974222B72042C00047E4E /* HomeView.swift */,
				54D974262B720B8800047E4E /* RowView.swift */,
			);
			path = View;
			sourceTree = "<group>";
		};
		54D9742D2B721C5100047E4E /* Frameworks */ = {
			isa = PBXGroup;
			children = (
				54D9742E2B721C5100047E4E /* WidgetKit.framework */,
				54D974302B721C5100047E4E /* SwiftUI.framework */,
			);
			name = Frameworks;
			sourceTree = "<group>";
		};
		54D974322B721C5100047E4E /* ToDoWidget */ = {
			isa = PBXGroup;
			children = (
				54D974372B721C5100047E4E /* AppIntent.swift */,
				54D974392B721C5200047E4E /* Assets.xcassets */,
				54D9743B2B721C5200047E4E /* Info.plist */,
				54D974352B721C5100047E4E /* ToDoWidget.swift */,
				54D974332B721C5100047E4E /* ToDoWidgetBundle.swift */,
			);
			path = ToDoWidget;
			sourceTree = "<group>";
		};
/* End PBXGroup section */

/* Begin PBXNativeTarget section */
		54D9740B2B72026600047E4E /* ToDoList */ = {
			isa = PBXNativeTarget;
			buildConfigurationList = 54D9741B2B72026900047E4E /* Build configuration list for PBXNativeTarget "ToDoList" */;
			buildPhases = (
				54D974082B72026600047E4E /* Sources */,
				54D974092B72026600047E4E /* Frameworks */,
				54D9740A2B72026600047E4E /* Resources */,
				54D974422B721C5200047E4E /* Embed Foundation Extensions */,
			);
			buildRules = (
			);
			dependencies = (
				54D9743D2B721C5200047E4E /* PBXTargetDependency */,
			);
			name = ToDoList;
			productName = ToDoList;
			productReference = 54D9740C2B72026600047E4E /* ToDoList.app */;
			productType = "com.apple.product-type.application";
		};
		54D9742B2B721C5100047E4E /* ToDoWidgetExtension */ = {
			isa = PBXNativeTarget;
			buildConfigurationList = 54D9743F2B721C5200047E4E /* Build configuration list for PBXNativeTarget "ToDoWidgetExtension" */;
			buildPhases = (
				54D974282B721C5100047E4E /* Sources */,
				54D974292B721C5100047E4E /* Frameworks */,
				54D9742A2B721C5100047E4E /* Resources */,
			);
			buildRules = (
			);
			dependencies = (
			);
			name = ToDoWidgetExtension;
			productName = ToDoWidgetExtension;
			productReference = 54D9742C2B721C5100047E4E /* ToDoWidgetExtension.appex */;
			productType = "com.apple.product-type.app-extension";
		};
/* End PBXNativeTarget section */

/* Begin PBXProject section */
		54D974042B72026600047E4E /* Project object */ = {
			isa = PBXProject;
			attributes = {
				BuildIndependentTargetsInParallel = 1;
				LastSwiftUpdateCheck = 1500;
				LastUpgradeCheck = 1500;
				TargetAttributes = {
					54D9740B2B72026600047E4E = {
						CreatedOnToolsVersion = 15.0;
					};
					54D9742B2B721C5100047E4E = {
						CreatedOnToolsVersion = 15.0;
					};
				};
			};
			buildConfigurationList = 54D974072B72026600047E4E /* Build configuration list for PBXProject "ToDoList" */;
			compatibilityVersion = "Xcode 14.0";
			developmentRegion = en;
			hasScannedForEncodings = 0;
			knownRegions = (
				en,
				Base,
			);
			mainGroup = 54D974032B72026600047E4E;
			productRefGroup = 54D9740D2B72026600047E4E /* Products */;
			projectDirPath = "";
			projectRoot = "";
			targets = (
				54D9740B2B72026600047E4E /* ToDoList */,
				54D9742B2B721C5100047E4E /* ToDoWidgetExtension */,
			);
		};
/* End PBXProject section */

/* Begin PBXResourcesBuildPhase section */
		54D9740A2B72026600047E4E /* Resources */ = {
			isa = PBXResourcesBuildPhase;
			buildActionMask = 2147483647;
			files = (
				54D974182B72026900047E4E /* Preview Assets.xcassets in Resources */,
				54D974142B72026900047E4E /* Assets.xcassets in Resources */,
			);
			runOnlyForDeploymentPostprocessing = 0;
		};
		54D9742A2B721C5100047E4E /* Resources */ = {
			isa = PBXResourcesBuildPhase;
			buildActionMask = 2147483647;
			files = (
				54D9743A2B721C5200047E4E /* Assets.xcassets in Resources */,
			);
			runOnlyForDeploymentPostprocessing = 0;
		};
/* End PBXResourcesBuildPhase section */

/* Begin PBXSourcesBuildPhase section */
		54D974082B72026600047E4E /* Sources */ = {
			isa = PBXSourcesBuildPhase;
			buildActionMask = 2147483647;
			files = (
				54D974212B72029F00047E4E /* ToDo.swift in Sources */,
				54D974272B720B8800047E4E /* RowView.swift in Sources */,
				54D974232B72042C00047E4E /* HomeView.swift in Sources */,
				54D974252B7206A800047E4E /* CompleteView.swift in Sources */,
				54D974122B72026600047E4E /* ContentView.swift in Sources */,
				54D974102B72026600047E4E /* ToDoListApp.swift in Sources */,
			);
			runOnlyForDeploymentPostprocessing = 0;
		};
		54D974282B721C5100047E4E /* Sources */ = {
			isa = PBXSourcesBuildPhase;
			buildActionMask = 2147483647;
			files = (
				54D974342B721C5100047E4E /* ToDoWidgetBundle.swift in Sources */,
				54D974362B721C5100047E4E /* ToDoWidget.swift in Sources */,
				54D974382B721C5100047E4E /* AppIntent.swift in Sources */,
				54D974432B721C7900047E4E /* ToDo.swift in Sources */,
			);
			runOnlyForDeploymentPostprocessing = 0;
		};
/* End PBXSourcesBuildPhase section */

/* Begin PBXTargetDependency section */
		54D9743D2B721C5200047E4E /* PBXTargetDependency */ = {
			isa = PBXTargetDependency;
			target = 54D9742B2B721C5100047E4E /* ToDoWidgetExtension */;
			targetProxy = 54D9743C2B721C5200047E4E /* PBXContainerItemProxy */;
		};
/* End PBXTargetDependency section */

/* Begin XCBuildConfiguration section */
		54D974192B72026900047E4E /* Debug */ = {
			isa = XCBuildConfiguration;
			buildSettings = {
				ALWAYS_SEARCH_USER_PATHS = NO;
				ASSETCATALOG_COMPILER_GENERATE_SWIFT_ASSET_SYMBOL_EXTENSIONS = YES;
				CLANG_ANALYZER_NONNULL = YES;
				CLANG_ANALYZER_NUMBER_OBJECT_CONVERSION = YES_AGGRESSIVE;
				CLANG_CXX_LANGUAGE_STANDARD = "gnu++20";
				CLANG_ENABLE_MODULES = YES;
				CLANG_ENABLE_OBJC_ARC = YES;
				CLANG_ENABLE_OBJC_WEAK = YES;
				CLANG_WARN_BLOCK_CAPTURE_AUTORELEASING = YES;
				CLANG_WARN_BOOL_CONVERSION = YES;
				CLANG_WARN_COMMA = YES;
				CLANG_WARN_CONSTANT_CONVERSION = YES;
				CLANG_WARN_DEPRECATED_OBJC_IMPLEMENTATIONS = YES;
				CLANG_WARN_DIRECT_OBJC_ISA_USAGE = YES_ERROR;
				CLANG_WARN_DOCUMENTATION_COMMENTS = YES;
				CLANG_WARN_EMPTY_BODY = YES;
				CLANG_WARN_ENUM_CONVERSION = YES;
				CLANG_WARN_INFINITE_RECURSION = YES;
				CLANG_WARN_INT_CONVERSION = YES;
				CLANG_WARN_NON_LITERAL_NULL_CONVERSION = YES;
				CLANG_WARN_OBJC_IMPLICIT_RETAIN_SELF = YES;
				CLANG_WARN_OBJC_LITERAL_CONVERSION = YES;
				CLANG_WARN_OBJC_ROOT_CLASS = YES_ERROR;
				CLANG_WARN_QUOTED_INCLUDE_IN_FRAMEWORK_HEADER = YES;
				CLANG_WARN_RANGE_LOOP_ANALYSIS = YES;
				CLANG_WARN_STRICT_PROTOTYPES = YES;
				CLANG_WARN_SUSPICIOUS_MOVE = YES;
				CLANG_WARN_UNGUARDED_AVAILABILITY = YES_AGGRESSIVE;
				CLANG_WARN_UNREACHABLE_CODE = YES;
				CLANG_WARN__DUPLICATE_METHOD_MATCH = YES;
				COPY_PHASE_STRIP = NO;
				DEBUG_INFORMATION_FORMAT = dwarf;
				ENABLE_STRICT_OBJC_MSGSEND = YES;
				ENABLE_TESTABILITY = YES;
				ENABLE_USER_SCRIPT_SANDBOXING = YES;
				GCC_C_LANGUAGE_STANDARD = gnu17;
				GCC_DYNAMIC_NO_PIC = NO;
				GCC_NO_COMMON_BLOCKS = YES;
				GCC_OPTIMIZATION_LEVEL = 0;
				GCC_PREPROCESSOR_DEFINITIONS = (
					"DEBUG=1",
					"$(inherited)",
				);
				GCC_WARN_64_TO_32_BIT_CONVERSION = YES;
				GCC_WARN_ABOUT_RETURN_TYPE = YES_ERROR;
				GCC_WARN_UNDECLARED_SELECTOR = YES;
				GCC_WARN_UNINITIALIZED_AUTOS = YES_AGGRESSIVE;
				GCC_WARN_UNUSED_FUNCTION = YES;
				GCC_WARN_UNUSED_VARIABLE = YES;
				LOCALIZATION_PREFERS_STRING_CATALOGS = YES;
				MTL_ENABLE_DEBUG_INFO = INCLUDE_SOURCE;
				MTL_FAST_MATH = YES;
				ONLY_ACTIVE_ARCH = YES;
				SWIFT_ACTIVE_COMPILATION_CONDITIONS = "DEBUG $(inherited)";
				SWIFT_OPTIMIZATION_LEVEL = "-Onone";
			};
			name = Debug;
		};
		54D9741A2B72026900047E4E /* Release */ = {
			isa = XCBuildConfiguration;
			buildSettings = {
				ALWAYS_SEARCH_USER_PATHS = NO;
				ASSETCATALOG_COMPILER_GENERATE_SWIFT_ASSET_SYMBOL_EXTENSIONS = YES;
				CLANG_ANALYZER_NONNULL = YES;
				CLANG_ANALYZER_NUMBER_OBJECT_CONVERSION = YES_AGGRESSIVE;
				CLANG_CXX_LANGUAGE_STANDARD = "gnu++20";
				CLANG_ENABLE_MODULES = YES;
				CLANG_ENABLE_OBJC_ARC = YES;
				CLANG_ENABLE_OBJC_WEAK = YES;
				CLANG_WARN_BLOCK_CAPTURE_AUTORELEASING = YES;
				CLANG_WARN_BOOL_CONVERSION = YES;
				CLANG_WARN_COMMA = YES;
				CLANG_WARN_CONSTANT_CONVERSION = YES;
				CLANG_WARN_DEPRECATED_OBJC_IMPLEMENTATIONS = YES;
				CLANG_WARN_DIRECT_OBJC_ISA_USAGE = YES_ERROR;
				CLANG_WARN_DOCUMENTATION_COMMENTS = YES;
				CLANG_WARN_EMPTY_BODY = YES;
				CLANG_WARN_ENUM_CONVERSION = YES;
				CLANG_WARN_INFINITE_RECURSION = YES;
				CLANG_WARN_INT_CONVERSION = YES;
				CLANG_WARN_NON_LITERAL_NULL_CONVERSION = YES;
				CLANG_WARN_OBJC_IMPLICIT_RETAIN_SELF = YES;
				CLANG_WARN_OBJC_LITERAL_CONVERSION = YES;
				CLANG_WARN_OBJC_ROOT_CLASS = YES_ERROR;
				CLANG_WARN_QUOTED_INCLUDE_IN_FRAMEWORK_HEADER = YES;
				CLANG_WARN_RANGE_LOOP_ANALYSIS = YES;
				CLANG_WARN_STRICT_PROTOTYPES = YES;
				CLANG_WARN_SUSPICIOUS_MOVE = YES;
				CLANG_WARN_UNGUARDED_AVAILABILITY = YES_AGGRESSIVE;
				CLANG_WARN_UNREACHABLE_CODE = YES;
				CLANG_WARN__DUPLICATE_METHOD_MATCH = YES;
				COPY_PHASE_STRIP = NO;
				DEBUG_INFORMATION_FORMAT = "dwarf-with-dsym";
				ENABLE_NS_ASSERTIONS = NO;
				ENABLE_STRICT_OBJC_MSGSEND = YES;
				ENABLE_USER_SCRIPT_SANDBOXING = YES;
				GCC_C_LANGUAGE_STANDARD = gnu17;
				GCC_NO_COMMON_BLOCKS = YES;
				GCC_WARN_64_TO_32_BIT_CONVERSION = YES;
				GCC_WARN_ABOUT_RETURN_TYPE = YES_ERROR;
				GCC_WARN_UNDECLARED_SELECTOR = YES;
				GCC_WARN_UNINITIALIZED_AUTOS = YES_AGGRESSIVE;
				GCC_WARN_UNUSED_FUNCTION = YES;
				GCC_WARN_UNUSED_VARIABLE = YES;
				LOCALIZATION_PREFERS_STRING_CATALOGS = YES;
				MTL_ENABLE_DEBUG_INFO = NO;
				MTL_FAST_MATH = YES;
				SWIFT_COMPILATION_MODE = wholemodule;
			};
			name = Release;
		};
		54D9741C2B72026900047E4E /* Debug */ = {
			isa = XCBuildConfiguration;
			buildSettings = {
				ALWAYS_EMBED_SWIFT_STANDARD_LIBRARIES = YES;
				ASSETCATALOG_COMPILER_APPICON_NAME = AppIcon;
				ASSETCATALOG_COMPILER_GLOBAL_ACCENT_COLOR_NAME = AccentColor;
				CODE_SIGN_ENTITLEMENTS = ToDoList/ToDoList.entitlements;
				CODE_SIGN_STYLE = Automatic;
				CURRENT_PROJECT_VERSION = 1;
				DEVELOPMENT_ASSET_PATHS = "\"ToDoList/Preview Content\"";
				DEVELOPMENT_TEAM = BB6N6UH69V;
				ENABLE_PREVIEWS = YES;
				GENERATE_INFOPLIST_FILE = YES;
				"INFOPLIST_KEY_UIApplicationSceneManifest_Generation[sdk=iphoneos*]" = YES;
				"INFOPLIST_KEY_UIApplicationSceneManifest_Generation[sdk=iphonesimulator*]" = YES;
				"INFOPLIST_KEY_UIApplicationSupportsIndirectInputEvents[sdk=iphoneos*]" = YES;
				"INFOPLIST_KEY_UIApplicationSupportsIndirectInputEvents[sdk=iphonesimulator*]" = YES;
				"INFOPLIST_KEY_UILaunchScreen_Generation[sdk=iphoneos*]" = YES;
				"INFOPLIST_KEY_UILaunchScreen_Generation[sdk=iphonesimulator*]" = YES;
				"INFOPLIST_KEY_UIStatusBarStyle[sdk=iphoneos*]" = UIStatusBarStyleDefault;
				"INFOPLIST_KEY_UIStatusBarStyle[sdk=iphonesimulator*]" = UIStatusBarStyleDefault;
				INFOPLIST_KEY_UISupportedInterfaceOrientations_iPad = "UIInterfaceOrientationPortrait UIInterfaceOrientationPortraitUpsideDown UIInterfaceOrientationLandscapeLeft UIInterfaceOrientationLandscapeRight";
				INFOPLIST_KEY_UISupportedInterfaceOrientations_iPhone = "UIInterfaceOrientationPortrait UIInterfaceOrientationLandscapeLeft UIInterfaceOrientationLandscapeRight";
				IPHONEOS_DEPLOYMENT_TARGET = 17.0;
				LD_RUNPATH_SEARCH_PATHS = "@executable_path/Frameworks";
				"LD_RUNPATH_SEARCH_PATHS[sdk=macosx*]" = "@executable_path/../Frameworks";
				MACOSX_DEPLOYMENT_TARGET = 14.0;
				MARKETING_VERSION = 1.0;
				PRODUCT_BUNDLE_IDENTIFIER = com.ToDoListFebSix;
				PRODUCT_NAME = "$(TARGET_NAME)";
				SDKROOT = auto;
				SUPPORTED_PLATFORMS = "iphoneos iphonesimulator macosx";
				SWIFT_EMIT_LOC_STRINGS = YES;
				SWIFT_VERSION = 5.0;
				TARGETED_DEVICE_FAMILY = "1,2";
			};
			name = Debug;
		};
		54D9741D2B72026900047E4E /* Release */ = {
			isa = XCBuildConfiguration;
			buildSettings = {
				ALWAYS_EMBED_SWIFT_STANDARD_LIBRARIES = YES;
				ASSETCATALOG_COMPILER_APPICON_NAME = AppIcon;
				ASSETCATALOG_COMPILER_GLOBAL_ACCENT_COLOR_NAME = AccentColor;
				CODE_SIGN_ENTITLEMENTS = ToDoList/ToDoList.entitlements;
				CODE_SIGN_STYLE = Automatic;
				CURRENT_PROJECT_VERSION = 1;
				DEVELOPMENT_ASSET_PATHS = "\"ToDoList/Preview Content\"";
				DEVELOPMENT_TEAM = BB6N6UH69V;
				ENABLE_PREVIEWS = YES;
				GENERATE_INFOPLIST_FILE = YES;
				"INFOPLIST_KEY_UIApplicationSceneManifest_Generation[sdk=iphoneos*]" = YES;
				"INFOPLIST_KEY_UIApplicationSceneManifest_Generation[sdk=iphonesimulator*]" = YES;
				"INFOPLIST_KEY_UIApplicationSupportsIndirectInputEvents[sdk=iphoneos*]" = YES;
				"INFOPLIST_KEY_UIApplicationSupportsIndirectInputEvents[sdk=iphonesimulator*]" = YES;
				"INFOPLIST_KEY_UILaunchScreen_Generation[sdk=iphoneos*]" = YES;
				"INFOPLIST_KEY_UILaunchScreen_Generation[sdk=iphonesimulator*]" = YES;
				"INFOPLIST_KEY_UIStatusBarStyle[sdk=iphoneos*]" = UIStatusBarStyleDefault;
				"INFOPLIST_KEY_UIStatusBarStyle[sdk=iphonesimulator*]" = UIStatusBarStyleDefault;
				INFOPLIST_KEY_UISupportedInterfaceOrientations_iPad = "UIInterfaceOrientationPortrait UIInterfaceOrientationPortraitUpsideDown UIInterfaceOrientationLandscapeLeft UIInterfaceOrientationLandscapeRight";
				INFOPLIST_KEY_UISupportedInterfaceOrientations_iPhone = "UIInterfaceOrientationPortrait UIInterfaceOrientationLandscapeLeft UIInterfaceOrientationLandscapeRight";
				IPHONEOS_DEPLOYMENT_TARGET = 17.0;
				LD_RUNPATH_SEARCH_PATHS = "@executable_path/Frameworks";
				"LD_RUNPATH_SEARCH_PATHS[sdk=macosx*]" = "@executable_path/../Frameworks";
				MACOSX_DEPLOYMENT_TARGET = 14.0;
				MARKETING_VERSION = 1.0;
				PRODUCT_BUNDLE_IDENTIFIER = com.ToDoListFebSix;
				PRODUCT_NAME = "$(TARGET_NAME)";
				SDKROOT = auto;
				SUPPORTED_PLATFORMS = "iphoneos iphonesimulator macosx";
				SWIFT_EMIT_LOC_STRINGS = YES;
				SWIFT_VERSION = 5.0;
				TARGETED_DEVICE_FAMILY = "1,2";
			};
			name = Release;
		};
		54D974402B721C5200047E4E /* Debug */ = {
			isa = XCBuildConfiguration;
			buildSettings = {
				ASSETCATALOG_COMPILER_GLOBAL_ACCENT_COLOR_NAME = AccentColor;
				ASSETCATALOG_COMPILER_WIDGET_BACKGROUND_COLOR_NAME = WidgetBackground;
				CODE_SIGN_ENTITLEMENTS = ToDoWidgetExtension.entitlements;
				CODE_SIGN_STYLE = Automatic;
				CURRENT_PROJECT_VERSION = 1;
				DEVELOPMENT_TEAM = BB6N6UH69V;
				GENERATE_INFOPLIST_FILE = YES;
				INFOPLIST_FILE = ToDoWidget/Info.plist;
				INFOPLIST_KEY_CFBundleDisplayName = ToDoWidget;
				INFOPLIST_KEY_NSHumanReadableCopyright = "";
				IPHONEOS_DEPLOYMENT_TARGET = 17.0;
				LD_RUNPATH_SEARCH_PATHS = (
					"$(inherited)",
					"@executable_path/Frameworks",
					"@executable_path/../../Frameworks",
				);
				MARKETING_VERSION = 1.0;
				PRODUCT_BUNDLE_IDENTIFIER = com.ToDoListFebSix.ToDoWidget;
				PRODUCT_NAME = "$(TARGET_NAME)";
				SDKROOT = iphoneos;
				SKIP_INSTALL = YES;
				SWIFT_EMIT_LOC_STRINGS = YES;
				SWIFT_VERSION = 5.0;
				TARGETED_DEVICE_FAMILY = "1,2";
			};
			name = Debug;
		};
		54D974412B721C5200047E4E /* Release */ = {
			isa = XCBuildConfiguration;
			buildSettings = {
				ASSETCATALOG_COMPILER_GLOBAL_ACCENT_COLOR_NAME = AccentColor;
				ASSETCATALOG_COMPILER_WIDGET_BACKGROUND_COLOR_NAME = WidgetBackground;
				CODE_SIGN_ENTITLEMENTS = ToDoWidgetExtension.entitlements;
				CODE_SIGN_STYLE = Automatic;
				CURRENT_PROJECT_VERSION = 1;
				DEVELOPMENT_TEAM = BB6N6UH69V;
				GENERATE_INFOPLIST_FILE = YES;
				INFOPLIST_FILE = ToDoWidget/Info.plist;
				INFOPLIST_KEY_CFBundleDisplayName = ToDoWidget;
				INFOPLIST_KEY_NSHumanReadableCopyright = "";
				IPHONEOS_DEPLOYMENT_TARGET = 17.0;
				LD_RUNPATH_SEARCH_PATHS = (
					"$(inherited)",
					"@executable_path/Frameworks",
					"@executable_path/../../Frameworks",
				);
				MARKETING_VERSION = 1.0;
				PRODUCT_BUNDLE_IDENTIFIER = com.ToDoListFebSix.ToDoWidget;
				PRODUCT_NAME = "$(TARGET_NAME)";
				SDKROOT = iphoneos;
				SKIP_INSTALL = YES;
				SWIFT_EMIT_LOC_STRINGS = YES;
				SWIFT_VERSION = 5.0;
				TARGETED_DEVICE_FAMILY = "1,2";
				VALIDATE_PRODUCT = YES;
			};
			name = Release;
		};
/* End XCBuildConfiguration section */

/* Begin XCConfigurationList section */
		54D974072B72026600047E4E /* Build configuration list for PBXProject "ToDoList" */ = {
			isa = XCConfigurationList;
			buildConfigurations = (
				54D974192B72026900047E4E /* Debug */,
				54D9741A2B72026900047E4E /* Release */,
			);
			defaultConfigurationIsVisible = 0;
			defaultConfigurationName = Release;
		};
		54D9741B2B72026900047E4E /* Build configuration list for PBXNativeTarget "ToDoList" */ = {
			isa = XCConfigurationList;
			buildConfigurations = (
				54D9741C2B72026900047E4E /* Debug */,
				54D9741D2B72026900047E4E /* Release */,
			);
			defaultConfigurationIsVisible = 0;
			defaultConfigurationName = Release;
		};
		54D9743F2B721C5200047E4E /* Build configuration list for PBXNativeTarget "ToDoWidgetExtension" */ = {
			isa = XCConfigurationList;
			buildConfigurations = (
				54D974402B721C5200047E4E /* Debug */,
				54D974412B721C5200047E4E /* Release */,
			);
			defaultConfigurationIsVisible = 0;
			defaultConfigurationName = Release;
		};
/* End XCConfigurationList section */
	};
	rootObject = 54D974042B72026600047E4E /* Project object */;
}
